
Microsoft Visual Studio Solution File, Format Version 11.00
# Visual Studio 2010
Project("{FAE04EC0-301F-11D3-BF4B-00C04F79EFBC}") = "Assembly-CSharp", "Assembly-CSharp.csproj", "{ea744b6f-c71e-dc4f-3908-fb0718ceaa26}"
EndProject
Global
	GlobalSection(SolutionConfigurationPlatforms) = preSolution
		Debug|Any CPU = Debug|Any CPU
		Release|Any CPU = Release|Any CPU
	EndGlobalSection
	GlobalSection(ProjectConfigurationPlatforms) = postSolution
		{ea744b6f-c71e-dc4f-3908-fb0718ceaa26}.Debug|Any CPU.ActiveCfg = Debug|Any CPU
		{ea744b6f-c71e-dc4f-3908-fb0718ceaa26}.Debug|Any CPU.Build.0 = Debug|Any CPU
		{ea744b6f-c71e-dc4f-3908-fb0718ceaa26}.Release|Any CPU.ActiveCfg = Release|Any CPU
		{ea744b6f-c71e-dc4f-3908-fb0718ceaa26}.Release|Any CPU.Build.0 = Release|Any CPU
	EndGlobalSection
	GlobalSection(SolutionProperties) = preSolution
		HideSolutionNode = FALSE
	EndGlobalSection
EndGlobal
